
Microsoft Visual Studio Solution File, Format Version 12.00
# Visual Studio Version 17
VisualStudioVersion = 17.10.34928.147
MinimumVisualStudioVersion = 10.0.40219.1
Project("{FAE04EC0-301F-11D3-BF4B-00C04F79EFBC}") = "MovieRentalManagementSystem", "MovieRentalManagementSystem\MovieRentalManagementSystem.csproj", "{75DF4B8F-0FFF-4979-A364-BC1A74619CA1}"
EndProject
Global
	GlobalSection(SolutionConfigurationPlatforms) = preSolution
		Debug|Any CPU = Debug|Any CPU
		Release|Any CPU = Release|Any CPU
	EndGlobalSection
	GlobalSection(ProjectConfigurationPlatforms) = postSolution
		{75DF4B8F-0FFF-4979-A364-BC1A74619CA1}.Debug|Any CPU.ActiveCfg = Debug|Any CPU
		{75DF4B8F-0FFF-4979-A364-BC1A74619CA1}.Debug|Any CPU.Build.0 = Debug|Any CPU
		{75DF4B8F-0FFF-4979-A364-BC1A74619CA1}.Release|Any CPU.ActiveCfg = Release|Any CPU
		{75DF4B8F-0FFF-4979-A364-BC1A74619CA1}.Release|Any CPU.Build.0 = Release|Any CPU
	EndGlobalSection
	GlobalSection(SolutionProperties) = preSolution
		HideSolutionNode = FALSE
	EndGlobalSection
	GlobalSection(ExtensibilityGlobals) = postSolution
		SolutionGuid = {BDE632D6-2D6F-458A-9CA3-8787BB8FE3F7}
	EndGlobalSection
EndGlobal
